
Microsoft Visual Studio Solution File, Format Version 12.00
Project("{FAE04EC0-301F-11D3-BF4B-00C04F79EFBC}") = "CEL", "CEL\CEL\CEL.csproj", "{55CFB27E-290A-426E-8F20-2D94209D64AC}"
EndProject
Project("{FAE04EC0-301F-11D3-BF4B-00C04F79EFBC}") = "MEL", "MEL\MEL\MEL.csproj", "{ABE3E77C-8AB5-4CB9-99B9-5B6BE40DCD6A}"
EndProject
Project("{FAE04EC0-301F-11D3-BF4B-00C04F79EFBC}") = "MSW", "MSW\MSW\MSW.csproj", "{8C7BC6B0-D2F7-44B5-9FDF-7B8B0C983578}"
EndProject
Project("{FAE04EC0-301F-11D3-BF4B-00C04F79EFBC}") = "MSWSupport", "MSWSupport\MSWSupport\MSWSupport.csproj", "{230C637E-CEBD-4095-A40E-DB81AA05DC7A}"
EndProject
Project("{FAE04EC0-301F-11D3-BF4B-00C04F79EFBC}") = "REL", "REL\REL\REL.csproj", "{F3495F81-00A3-4B3E-BC32-956F1B8672C0}"
EndProject
Project("{FAE04EC0-301F-11D3-BF4B-00C04F79EFBC}") = "SEL", "SEL\SEL\SEL.csproj", "{259A46DB-EEBE-4425-BCD0-D33FD0842203}"
EndProject
Project("{FAE04EC0-301F-11D3-BF4B-00C04F79EFBC}") = "SELRELBridge", "SELRELBridge\SELRELBridge\SELRELBridge.csproj", "{C317D20E-6944-4663-A99E-A9871211EDF5}"
EndProject
Global
	GlobalSection(SolutionConfigurationPlatforms) = preSolution
		Debug|Any CPU = Debug|Any CPU
		Release|Any CPU = Release|Any CPU
	EndGlobalSection
	GlobalSection(ProjectConfigurationPlatforms) = postSolution
		{55CFB27E-290A-426E-8F20-2D94209D64AC}.Debug|Any CPU.ActiveCfg = Debug|Any CPU
		{55CFB27E-290A-426E-8F20-2D94209D64AC}.Debug|Any CPU.Build.0 = Debug|Any CPU
		{55CFB27E-290A-426E-8F20-2D94209D64AC}.Release|Any CPU.ActiveCfg = Release|Any CPU
		{55CFB27E-290A-426E-8F20-2D94209D64AC}.Release|Any CPU.Build.0 = Release|Any CPU
		{ABE3E77C-8AB5-4CB9-99B9-5B6BE40DCD6A}.Debug|Any CPU.ActiveCfg = Debug|Any CPU
		{ABE3E77C-8AB5-4CB9-99B9-5B6BE40DCD6A}.Debug|Any CPU.Build.0 = Debug|Any CPU
		{ABE3E77C-8AB5-4CB9-99B9-5B6BE40DCD6A}.Release|Any CPU.ActiveCfg = Release|Any CPU
		{ABE3E77C-8AB5-4CB9-99B9-5B6BE40DCD6A}.Release|Any CPU.Build.0 = Release|Any CPU
		{8C7BC6B0-D2F7-44B5-9FDF-7B8B0C983578}.Debug|Any CPU.ActiveCfg = Debug|Any CPU
		{8C7BC6B0-D2F7-44B5-9FDF-7B8B0C983578}.Debug|Any CPU.Build.0 = Debug|Any CPU
		{8C7BC6B0-D2F7-44B5-9FDF-7B8B0C983578}.Release|Any CPU.ActiveCfg = Release|Any CPU
		{8C7BC6B0-D2F7-44B5-9FDF-7B8B0C983578}.Release|Any CPU.Build.0 = Release|Any CPU
		{230C637E-CEBD-4095-A40E-DB81AA05DC7A}.Debug|Any CPU.ActiveCfg = Debug|Any CPU
		{230C637E-CEBD-4095-A40E-DB81AA05DC7A}.Debug|Any CPU.Build.0 = Debug|Any CPU
		{230C637E-CEBD-4095-A40E-DB81AA05DC7A}.Release|Any CPU.ActiveCfg = Release|Any CPU
		{230C637E-CEBD-4095-A40E-DB81AA05DC7A}.Release|Any CPU.Build.0 = Release|Any CPU
		{F3495F81-00A3-4B3E-BC32-956F1B8672C0}.Debug|Any CPU.ActiveCfg = Debug|Any CPU
		{F3495F81-00A3-4B3E-BC32-956F1B8672C0}.Debug|Any CPU.Build.0 = Debug|Any CPU
		{F3495F81-00A3-4B3E-BC32-956F1B8672C0}.Release|Any CPU.ActiveCfg = Release|Any CPU
		{F3495F81-00A3-4B3E-BC32-956F1B8672C0}.Release|Any CPU.Build.0 = Release|Any CPU
		{259A46DB-EEBE-4425-BCD0-D33FD0842203}.Debug|Any CPU.ActiveCfg = Debug|Any CPU
		{259A46DB-EEBE-4425-BCD0-D33FD0842203}.Debug|Any CPU.Build.0 = Debug|Any CPU
		{259A46DB-EEBE-4425-BCD0-D33FD0842203}.Release|Any CPU.ActiveCfg = Release|Any CPU
		{259A46DB-EEBE-4425-BCD0-D33FD0842203}.Release|Any CPU.Build.0 = Release|Any CPU
		{C317D20E-6944-4663-A99E-A9871211EDF5}.Debug|Any CPU.ActiveCfg = Debug|Any CPU
		{C317D20E-6944-4663-A99E-A9871211EDF5}.Debug|Any CPU.Build.0 = Debug|Any CPU
		{C317D20E-6944-4663-A99E-A9871211EDF5}.Release|Any CPU.ActiveCfg = Release|Any CPU
		{C317D20E-6944-4663-A99E-A9871211EDF5}.Release|Any CPU.Build.0 = Release|Any CPU
	EndGlobalSection
EndGlobal
