
Microsoft Visual Studio Solution File, Format Version 12.00
Project("{F184B08F-C81C-45F6-A57F-5ABD9991F28F}") = "EwEShell", "EwEShell\EwEShell.vbproj", "{54FF067A-667A-4286-AEAF-A6CCC5245731}"
EndProject
Global
	GlobalSection(SolutionConfigurationPlatforms) = preSolution
		Debug|Any CPU = Debug|Any CPU
		Release|Any CPU = Release|Any CPU
	EndGlobalSection
	GlobalSection(ProjectConfigurationPlatforms) = postSolution
		{54FF067A-667A-4286-AEAF-A6CCC5245731}.Debug|Any CPU.ActiveCfg = Debug|Any CPU
		{54FF067A-667A-4286-AEAF-A6CCC5245731}.Debug|Any CPU.Build.0 = Debug|Any CPU
		{54FF067A-667A-4286-AEAF-A6CCC5245731}.Release|Any CPU.ActiveCfg = Release|Any CPU
		{54FF067A-667A-4286-AEAF-A6CCC5245731}.Release|Any CPU.Build.0 = Release|Any CPU
	EndGlobalSection
EndGlobal
